// !$*UTF8*$!
{
	archiveVersion = 1;
	classes = {
	};
	objectVersion = 50;
	objects = {

/* Begin PBXBuildFile section */
		6D1B8ED3BF180EB25AA3DB7A /* Pods_AimbrainValidation.framework in Frameworks */ = {isa = PBXBuildFile; fileRef = 0B86716C9D3DABBF3264908E /* Pods_AimbrainValidation.framework */; };
		9C3531D3231EBAD40094096C /* AppDelegate.swift in Sources */ = {isa = PBXBuildFile; fileRef = 9C3531D2231EBAD40094096C /* AppDelegate.swift */; };
		9C3531D5231EBAD40094096C /* ViewController.swift in Sources */ = {isa = PBXBuildFile; fileRef = 9C3531D4231EBAD40094096C /* ViewController.swift */; };
		9C3531D8231EBAD40094096C /* Main.storyboard in Resources */ = {isa = PBXBuildFile; fileRef = 9C3531D6231EBAD40094096C /* Main.storyboard */; };
		9C3531DA231EBAD50094096C /* Assets.xcassets in Resources */ = {isa = PBXBuildFile; fileRef = 9C3531D9231EBAD50094096C /* Assets.xcassets */; };
		9C3531DD231EBAD50094096C /* LaunchScreen.storyboard in Resources */ = {isa = PBXBuildFile; fileRef = 9C3531DB231EBAD50094096C /* LaunchScreen.storyboard */; };
		9C3531ED231EF5BF0094096C /* testPhoto.png in Resources */ = {isa = PBXBuildFile; fileRef = 9C3531EC231EF5BF0094096C /* testPhoto.png */; };
/* End PBXBuildFile section */

/* Begin PBXFileReference section */
		033E2421E1133B1291295BA4 /* Pods-AimbrainValidation.debug.xcconfig */ = {isa = PBXFileReference; includeInIndex = 1; lastKnownFileType = text.xcconfig; name = "Pods-AimbrainValidation.debug.xcconfig"; path = "Pods/Target Support Files/Pods-AimbrainValidation/Pods-AimbrainValidation.debug.xcconfig"; sourceTree = "<group>"; };
		0B86716C9D3DABBF3264908E /* Pods_AimbrainValidation.framework */ = {isa = PBXFileReference; explicitFileType = wrapper.framework; includeInIndex = 0; path = Pods_AimbrainValidation.framework; sourceTree = BUILT_PRODUCTS_DIR; };
		18B7161C26D641417ACB04D7 /* Pods-AimbrainValidation.release.xcconfig */ = {isa = PBXFileReference; includeInIndex = 1; lastKnownFileType = text.xcconfig; name = "Pods-AimbrainValidation.release.xcconfig"; path = "Pods/Target Support Files/Pods-AimbrainValidation/Pods-AimbrainValidation.release.xcconfig"; sourceTree = "<group>"; };
		9C3531CF231EBAD40094096C /* AimbrainValidation.app */ = {isa = PBXFileReference; explicitFileType = wrapper.application; includeInIndex = 0; path = AimbrainValidation.app; sourceTree = BUILT_PRODUCTS_DIR; };
		9C3531D2231EBAD40094096C /* AppDelegate.swift */ = {isa = PBXFileReference; lastKnownFileType = sourcecode.swift; path = AppDelegate.swift; sourceTree = "<group>"; };
		9C3531D4231EBAD40094096C /* ViewController.swift */ = {isa = PBXFileReference; lastKnownFileType = sourcecode.swift; path = ViewController.swift; sourceTree = "<group>"; };
		9C3531D7231EBAD40094096C /* Base */ = {isa = PBXFileReference; lastKnownFileType = file.storyboard; name = Base; path = Base.lproj/Main.storyboard; sourceTree = "<group>"; };
		9C3531D9231EBAD50094096C /* Assets.xcassets */ = {isa = PBXFileReference; lastKnownFileType = folder.assetcatalog; path = Assets.xcassets; sourceTree = "<group>"; };
		9C3531DC231EBAD50094096C /* Base */ = {isa = PBXFileReference; lastKnownFileType = file.storyboard; name = Base; path = Base.lproj/LaunchScreen.storyboard; sourceTree = "<group>"; };
		9C3531DE231EBAD50094096C /* Info.plist */ = {isa = PBXFileReference; lastKnownFileType = text.plist.xml; path = Info.plist; sourceTree = "<group>"; };
		9C3531EC231EF5BF0094096C /* testPhoto.png */ = {isa = PBXFileReference; lastKnownFileType = image.png; path = testPhoto.png; sourceTree = "<group>"; };
/* End PBXFileReference section */

/* Begin PBXFrameworksBuildPhase section */
		9C3531CC231EBAD40094096C /* Frameworks */ = {
			isa = PBXFrameworksBuildPhase;
			buildActionMask = 2147483647;
			files = (
				6D1B8ED3BF180EB25AA3DB7A /* Pods_AimbrainValidation.framework in Frameworks */,
			);
			runOnlyForDeploymentPostprocessing = 0;
		};
/* End PBXFrameworksBuildPhase section */

/* Begin PBXGroup section */
		42F51EAEEB6B6E8E2FB73A4A /* Frameworks */ = {
			isa = PBXGroup;
			children = (
				0B86716C9D3DABBF3264908E /* Pods_AimbrainValidation.framework */,
			);
			name = Frameworks;
			sourceTree = "<group>";
		};
		9C3531C6231EBAD40094096C = {
			isa = PBXGroup;
			children = (
				9C3531D1231EBAD40094096C /* AimbrainValidation */,
				9C3531D0231EBAD40094096C /* Products */,
				C1D21879B85E5B23B8C4EA98 /* Pods */,
				42F51EAEEB6B6E8E2FB73A4A /* Frameworks */,
			);
			sourceTree = "<group>";
		};
		9C3531D0231EBAD40094096C /* Products */ = {
			isa = PBXGroup;
			children = (
				9C3531CF231EBAD40094096C /* AimbrainValidation.app */,
			);
			name = Products;
			sourceTree = "<group>";
		};
		9C3531D1231EBAD40094096C /* AimbrainValidation */ = {
			isa = PBXGroup;
			children = (
				9C3531D2231EBAD40094096C /* AppDelegate.swift */,
				9C3531D4231EBAD40094096C /* ViewController.swift */,
				9C3531D6231EBAD40094096C /* Main.storyboard */,
				9C3531D9231EBAD50094096C /* Assets.xcassets */,
				9C3531EC231EF5BF0094096C /* testPhoto.png */,
				9C3531DB231EBAD50094096C /* LaunchScreen.storyboard */,
				9C3531DE231EBAD50094096C /* Info.plist */,
			);
			path = AimbrainValidation;
			sourceTree = "<group>";
		};
		C1D21879B85E5B23B8C4EA98 /* Pods */ = {
			isa = PBXGroup;
			children = (
				033E2421E1133B1291295BA4 /* Pods-AimbrainValidation.debug.xcconfig */,
				18B7161C26D641417ACB04D7 /* Pods-AimbrainValidation.release.xcconfig */,
			);
			name = Pods;
			sourceTree = "<group>";
		};
/* End PBXGroup section */

/* Begin PBXNativeTarget section */
		9C3531CE231EBAD40094096C /* AimbrainValidation */ = {
			isa = PBXNativeTarget;
			buildConfigurationList = 9C3531E1231EBAD50094096C /* Build configuration list for PBXNativeTarget "AimbrainValidation" */;
			buildPhases = (
				F2CADAAC7A1D492E6E16ABC5 /* [CP] Check Pods Manifest.lock */,
				9C3531CB231EBAD40094096C /* Sources */,
				9C3531CC231EBAD40094096C /* Frameworks */,
				9C3531CD231EBAD40094096C /* Resources */,
				0C9A4F4C4E06A84A0193C72F /* [CP] Embed Pods Frameworks */,
			);
			buildRules = (
			);
			dependencies = (
			);
			name = AimbrainValidation;
			productName = AimbrainValidation;
			productReference = 9C3531CF231EBAD40094096C /* AimbrainValidation.app */;
			productType = "com.apple.product-type.application";
		};
/* End PBXNativeTarget section */

/* Begin PBXProject section */
		9C3531C7231EBAD40094096C /* Project object */ = {
			isa = PBXProject;
			attributes = {
				LastSwiftUpdateCheck = 1020;
				LastUpgradeCheck = 1020;
				ORGANIZATIONNAME = "Aneesh MV";
				TargetAttributes = {
					9C3531CE231EBAD40094096C = {
						CreatedOnToolsVersion = 10.2.1;
					};
				};
			};
			buildConfigurationList = 9C3531CA231EBAD40094096C /* Build configuration list for PBXProject "AimbrainValidation" */;
			compatibilityVersion = "Xcode 9.3";
			developmentRegion = en;
			hasScannedForEncodings = 0;
			knownRegions = (
				en,
				Base,
			);
			mainGroup = 9C3531C6231EBAD40094096C;
			productRefGroup = 9C3531D0231EBAD40094096C /* Products */;
			projectDirPath = "";
			projectRoot = "";
			targets = (
				9C3531CE231EBAD40094096C /* AimbrainValidation */,
			);
		};
/* End PBXProject section */

/* Begin PBXResourcesBuildPhase section */
		9C3531CD231EBAD40094096C /* Resources */ = {
			isa = PBXResourcesBuildPhase;
			buildActionMask = 2147483647;
			files = (
				9C3531DD231EBAD50094096C /* LaunchScreen.storyboard in Resources */,
				9C3531DA231EBAD50094096C /* Assets.xcassets in Resources */,
				9C3531ED231EF5BF0094096C /* testPhoto.png in Resources */,
				9C3531D8231EBAD40094096C /* Main.storyboard in Resources */,
			);
			runOnlyForDeploymentPostprocessing = 0;
		};
/* End PBXResourcesBuildPhase section */

/* Begin PBXShellScriptBuildPhase section */
		0C9A4F4C4E06A84A0193C72F /* [CP] Embed Pods Frameworks */ = {
			isa = PBXShellScriptBuildPhase;
			buildActionMask = 2147483647;
			files = (
			);
			inputFileListPaths = (
			);
			inputPaths = (
				"${SRCROOT}/Pods/Target Support Files/Pods-AimbrainValidation/Pods-AimbrainValidation-frameworks.sh",
				"${BUILT_PRODUCTS_DIR}/AimBrainSDK/AimBrainSDK.framework",
			);
			name = "[CP] Embed Pods Frameworks";
			outputFileListPaths = (
			);
			outputPaths = (
				"${TARGET_BUILD_DIR}/${FRAMEWORKS_FOLDER_PATH}/AimBrainSDK.framework",
			);
			runOnlyForDeploymentPostprocessing = 0;
			shellPath = /bin/sh;
			shellScript = "\"${SRCROOT}/Pods/Target Support Files/Pods-AimbrainValidation/Pods-AimbrainValidation-frameworks.sh\"\n";
			showEnvVarsInLog = 0;
		};
		F2CADAAC7A1D492E6E16ABC5 /* [CP] Check Pods Manifest.lock */ = {
			isa = PBXShellScriptBuildPhase;
			buildActionMask = 2147483647;
			files = (
			);
			inputFileListPaths = (
			);
			inputPaths = (
				"${PODS_PODFILE_DIR_PATH}/Podfile.lock",
				"${PODS_ROOT}/Manifest.lock",
			);
			name = "[CP] Check Pods Manifest.lock";
			outputFileListPaths = (
			);
			outputPaths = (
				"$(DERIVED_FILE_DIR)/Pods-AimbrainValidation-checkManifestLockResult.txt",
			);
			runOnlyForDeploymentPostprocessing = 0;
			shellPath = /bin/sh;
			shellScript = "diff \"${PODS_PODFILE_DIR_PATH}/Podfile.lock\" \"${PODS_ROOT}/Manifest.lock\" > /dev/null\nif [ $? != 0 ] ; then\n    # print error to STDERR\n    echo \"error: The sandbox is not in sync with the Podfile.lock. Run 'pod install' or update your CocoaPods installation.\" >&2\n    exit 1\nfi\n# This output is used by Xcode 'outputs' to avoid re-running this script phase.\necho \"SUCCESS\" > \"${SCRIPT_OUTPUT_FILE_0}\"\n";
			showEnvVarsInLog = 0;
		};
/* End PBXShellScriptBuildPhase section */

/* Begin PBXSourcesBuildPhase section */
		9C3531CB231EBAD40094096C /* Sources */ = {
			isa = PBXSourcesBuildPhase;
			buildActionMask = 2147483647;
			files = (
				9C3531D5231EBAD40094096C /* ViewController.swift in Sources */,
				9C3531D3231EBAD40094096C /* AppDelegate.swift in Sources */,
			);
			runOnlyForDeploymentPostprocessing = 0;
		};
/* End PBXSourcesBuildPhase section */

/* Begin PBXVariantGroup section */
		9C3531D6231EBAD40094096C /* Main.storyboard */ = {
			isa = PBXVariantGroup;
			children = (
				9C3531D7231EBAD40094096C /* Base */,
			);
			name = Main.storyboard;
			sourceTree = "<group>";
		};
		9C3531DB231EBAD50094096C /* LaunchScreen.storyboard */ = {
			isa = PBXVariantGroup;
			children = (
				9C3531DC231EBAD50094096C /* Base */,
			);
			name = LaunchScreen.storyboard;
			sourceTree = "<group>";
		};
/* End PBXVariantGroup section */

/* Begin XCBuildConfiguration section */
		9C3531DF231EBAD50094096C /* Debug */ = {
			isa = XCBuildConfiguration;
			buildSettings = {
				ALWAYS_SEARCH_USER_PATHS = NO;
				CLANG_ANALYZER_NONNULL = YES;
				CLANG_ANALYZER_NUMBER_OBJECT_CONVERSION = YES_AGGRESSIVE;
				CLANG_CXX_LANGUAGE_STANDARD = "gnu++14";
				CLANG_CXX_LIBRARY = "libc++";
				CLANG_ENABLE_MODULES = YES;
				CLANG_ENABLE_OBJC_ARC = YES;
				CLANG_ENABLE_OBJC_WEAK = YES;
				CLANG_WARN_BLOCK_CAPTURE_AUTORELEASING = YES;
				CLANG_WARN_BOOL_CONVERSION = YES;
				CLANG_WARN_COMMA = YES;
				CLANG_WARN_CONSTANT_CONVERSION = YES;
				CLANG_WARN_DEPRECATED_OBJC_IMPLEMENTATIONS = YES;
				CLANG_WARN_DIRECT_OBJC_ISA_USAGE = YES_ERROR;
				CLANG_WARN_DOCUMENTATION_COMMENTS = YES;
				CLANG_WARN_EMPTY_BODY = YES;
				CLANG_WARN_ENUM_CONVERSION = YES;
				CLANG_WARN_INFINITE_RECURSION = YES;
				CLANG_WARN_INT_CONVERSION = YES;
				CLANG_WARN_NON_LITERAL_NULL_CONVERSION = YES;
				CLANG_WARN_OBJC_IMPLICIT_RETAIN_SELF = YES;
				CLANG_WARN_OBJC_LITERAL_CONVERSION = YES;
				CLANG_WARN_OBJC_ROOT_CLASS = YES_ERROR;
				CLANG_WARN_RANGE_LOOP_ANALYSIS = YES;
				CLANG_WARN_STRICT_PROTOTYPES = YES;
				CLANG_WARN_SUSPICIOUS_MOVE = YES;
				CLANG_WARN_UNGUARDED_AVAILABILITY = YES_AGGRESSIVE;
				CLANG_WARN_UNREACHABLE_CODE = YES;
				CLANG_WARN__DUPLICATE_METHOD_MATCH = YES;
				CODE_SIGN_IDENTITY = "iPhone Developer";
				COPY_PHASE_STRIP = NO;
				DEBUG_INFORMATION_FORMAT = dwarf;
				ENABLE_STRICT_OBJC_MSGSEND = YES;
				ENABLE_TESTABILITY = YES;
				GCC_C_LANGUAGE_STANDARD = gnu11;
				GCC_DYNAMIC_NO_PIC = NO;
				GCC_NO_COMMON_BLOCKS = YES;
				GCC_OPTIMIZATION_LEVEL = 0;
				GCC_PREPROCESSOR_DEFINITIONS = (
					"DEBUG=1",
					"$(inherited)",
				);
				GCC_WARN_64_TO_32_BIT_CONVERSION = YES;
				GCC_WARN_ABOUT_RETURN_TYPE = YES_ERROR;
				GCC_WARN_UNDECLARED_SELECTOR = YES;
				GCC_WARN_UNINITIALIZED_AUTOS = YES_AGGRESSIVE;
				GCC_WARN_UNUSED_FUNCTION = YES;
				GCC_WARN_UNUSED_VARIABLE = YES;
				IPHONEOS_DEPLOYMENT_TARGET = 12.2;
				MTL_ENABLE_DEBUG_INFO = INCLUDE_SOURCE;
				MTL_FAST_MATH = YES;
				ONLY_ACTIVE_ARCH = YES;
				SDKROOT = iphoneos;
				SWIFT_ACTIVE_COMPILATION_CONDITIONS = DEBUG;
				SWIFT_OPTIMIZATION_LEVEL = "-Onone";
			};
			name = Debug;
		};
		9C3531E0231EBAD50094096C /* Release */ = {
			isa = XCBuildConfiguration;
			buildSettings = {
				ALWAYS_SEARCH_USER_PATHS = NO;
				CLANG_ANALYZER_NONNULL = YES;
				CLANG_ANALYZER_NUMBER_OBJECT_CONVERSION = YES_AGGRESSIVE;
				CLANG_CXX_LANGUAGE_STANDARD = "gnu++14";
				CLANG_CXX_LIBRARY = "libc++";
				CLANG_ENABLE_MODULES = YES;
				CLANG_ENABLE_OBJC_ARC = YES;
				CLANG_ENABLE_OBJC_WEAK = YES;
				CLANG_WARN_BLOCK_CAPTURE_AUTORELEASING = YES;
				CLANG_WARN_BOOL_CONVERSION = YES;
				CLANG_WARN_COMMA = YES;
				CLANG_WARN_CONSTANT_CONVERSION = YES;
				CLANG_WARN_DEPRECATED_OBJC_IMPLEMENTATIONS = YES;
				CLANG_WARN_DIRECT_OBJC_ISA_USAGE = YES_ERROR;
				CLANG_WARN_DOCUMENTATION_COMMENTS = YES;
				CLANG_WARN_EMPTY_BODY = YES;
				CLANG_WARN_ENUM_CONVERSION = YES;
				CLANG_WARN_INFINITE_RECURSION = YES;
				CLANG_WARN_INT_CONVERSION = YES;
				CLANG_WARN_NON_LITERAL_NULL_CONVERSION = YES;
				CLANG_WARN_OBJC_IMPLICIT_RETAIN_SELF = YES;
				CLANG_WARN_OBJC_LITERAL_CONVERSION = YES;
				CLANG_WARN_OBJC_ROOT_CLASS = YES_ERROR;
				CLANG_WARN_RANGE_LOOP_ANALYSIS = YES;
				CLANG_WARN_STRICT_PROTOTYPES = YES;
				CLANG_WARN_SUSPICIOUS_MOVE = YES;
				CLANG_WARN_UNGUARDED_AVAILABILITY = YES_AGGRESSIVE;
				CLANG_WARN_UNREACHABLE_CODE = YES;
				CLANG_WARN__DUPLICATE_METHOD_MATCH = YES;
				CODE_SIGN_IDENTITY = "iPhone Developer";
				COPY_PHASE_STRIP = NO;
				DEBUG_INFORMATION_FORMAT = "dwarf-with-dsym";
				ENABLE_NS_ASSERTIONS = NO;
				ENABLE_STRICT_OBJC_MSGSEND = YES;
				GCC_C_LANGUAGE_STANDARD = gnu11;
				GCC_NO_COMMON_BLOCKS = YES;
				GCC_WARN_64_TO_32_BIT_CONVERSION = YES;
				GCC_WARN_ABOUT_RETURN_TYPE = YES_ERROR;
				GCC_WARN_UNDECLARED_SELECTOR = YES;
				GCC_WARN_UNINITIALIZED_AUTOS = YES_AGGRESSIVE;
				GCC_WARN_UNUSED_FUNCTION = YES;
				GCC_WARN_UNUSED_VARIABLE = YES;
				IPHONEOS_DEPLOYMENT_TARGET = 12.2;
				MTL_ENABLE_DEBUG_INFO = NO;
				MTL_FAST_MATH = YES;
				SDKROOT = iphoneos;
				SWIFT_COMPILATION_MODE = wholemodule;
				SWIFT_OPTIMIZATION_LEVEL = "-O";
				VALIDATE_PRODUCT = YES;
			};
			name = Release;
		};
		9C3531E2231EBAD50094096C /* Debug */ = {
			isa = XCBuildConfiguration;
			baseConfigurationReference = 033E2421E1133B1291295BA4 /* Pods-AimbrainValidation.debug.xcconfig */;
			buildSettings = {
				ASSETCATALOG_COMPILER_APPICON_NAME = AppIcon;
				CODE_SIGN_STYLE = Manual;
				DEVELOPMENT_TEAM = 6QTVP9MP3C;
				INFOPLIST_FILE = AimbrainValidation/Info.plist;
				IPHONEOS_DEPLOYMENT_TARGET = 10.0;
				LD_RUNPATH_SEARCH_PATHS = (
					"$(inherited)",
					"@executable_path/Frameworks",
				);
				PRODUCT_BUNDLE_IDENTIFIER = com.payit.wallet.sit;
				PRODUCT_NAME = "$(TARGET_NAME)";
				PROVISIONING_PROFILE_SPECIFIER = "dev-com-payit-wallet-sit";
				SWIFT_VERSION = 5.0;
				TARGETED_DEVICE_FAMILY = "1,2";
			};
			name = Debug;
		};
		9C3531E3231EBAD50094096C /* Release */ = {
			isa = XCBuildConfiguration;
			baseConfigurationReference = 18B7161C26D641417ACB04D7 /* Pods-AimbrainValidation.release.xcconfig */;
			buildSettings = {
				ASSETCATALOG_COMPILER_APPICON_NAME = AppIcon;
				CODE_SIGN_STYLE = Manual;
				DEVELOPMENT_TEAM = "";
				INFOPLIST_FILE = AimbrainValidation/Info.plist;
				IPHONEOS_DEPLOYMENT_TARGET = 10.0;
				LD_RUNPATH_SEARCH_PATHS = (
					"$(inherited)",
					"@executable_path/Frameworks",
				);
				PRODUCT_BUNDLE_IDENTIFIER = com.payit.wallet.sit;
				PRODUCT_NAME = "$(TARGET_NAME)";
				PROVISIONING_PROFILE_SPECIFIER = "";
				SWIFT_VERSION = 5.0;
				TARGETED_DEVICE_FAMILY = "1,2";
			};
			name = Release;
		};
/* End XCBuildConfiguration section */

/* Begin XCConfigurationList section */
		9C3531CA231EBAD40094096C /* Build configuration list for PBXProject "AimbrainValidation" */ = {
			isa = XCConfigurationList;
			buildConfigurations = (
				9C3531DF231EBAD50094096C /* Debug */,
				9C3531E0231EBAD50094096C /* Release */,
			);
			defaultConfigurationIsVisible = 0;
			defaultConfigurationName = Release;
		};
		9C3531E1231EBAD50094096C /* Build configuration list for PBXNativeTarget "AimbrainValidation" */ = {
			isa = XCConfigurationList;
			buildConfigurations = (
				9C3531E2231EBAD50094096C /* Debug */,
				9C3531E3231EBAD50094096C /* Release */,
			);
			defaultConfigurationIsVisible = 0;
			defaultConfigurationName = Release;
		};
/* End XCConfigurationList section */
	};
	rootObject = 9C3531C7231EBAD40094096C /* Project object */;
}
